
Microsoft Visual Studio Solution File, Format Version 12.00
# Visual Studio Version 17
VisualStudioVersion = 17.1.32210.238
MinimumVisualStudioVersion = 10.0.40219.1
Project("{FAE04EC0-301F-11D3-BF4B-00C04F79EFBC}") = "DecagonConsumerPortal", "DecagonConsumerPortal\DecagonConsumerPortal.csproj", "{7DEAD498-AEC4-4355-A039-2270F1E12BAC}"
EndProject
Project("{FAE04EC0-301F-11D3-BF4B-00C04F79EFBC}") = "DecagonConsumerPortal.Tests", "DecagonConsumerPortal.Tests\DecagonConsumerPortal.Tests.csproj", "{F1A0AA44-587E-4063-951E-9300D843D6A2}"
EndProject
Global
	GlobalSection(SolutionConfigurationPlatforms) = preSolution
		Debug|Any CPU = Debug|Any CPU
		Release|Any CPU = Release|Any CPU
	EndGlobalSection
	GlobalSection(ProjectConfigurationPlatforms) = postSolution
		{7DEAD498-AEC4-4355-A039-2270F1E12BAC}.Debug|Any CPU.ActiveCfg = Debug|Any CPU
		{7DEAD498-AEC4-4355-A039-2270F1E12BAC}.Debug|Any CPU.Build.0 = Debug|Any CPU
		{7DEAD498-AEC4-4355-A039-2270F1E12BAC}.Release|Any CPU.ActiveCfg = Release|Any CPU
		{7DEAD498-AEC4-4355-A039-2270F1E12BAC}.Release|Any CPU.Build.0 = Release|Any CPU
		{F1A0AA44-587E-4063-951E-9300D843D6A2}.Debug|Any CPU.ActiveCfg = Debug|Any CPU
		{F1A0AA44-587E-4063-951E-9300D843D6A2}.Debug|Any CPU.Build.0 = Debug|Any CPU
		{F1A0AA44-587E-4063-951E-9300D843D6A2}.Release|Any CPU.ActiveCfg = Release|Any CPU
		{F1A0AA44-587E-4063-951E-9300D843D6A2}.Release|Any CPU.Build.0 = Release|Any CPU
	EndGlobalSection
	GlobalSection(SolutionProperties) = preSolution
		HideSolutionNode = FALSE
	EndGlobalSection
	GlobalSection(ExtensibilityGlobals) = postSolution
		SolutionGuid = {14F95808-4070-4468-9A65-2B1A7EB2B616}
	EndGlobalSection
EndGlobal
